
Microsoft Visual Studio Solution File, Format Version 12.00
# Visual Studio Version 16
VisualStudioVersion = 16.0.31129.286
MinimumVisualStudioVersion = 10.0.40219.1
Project("{FAE04EC0-301F-11D3-BF4B-00C04F79EFBC}") = "DesignPro", "TiendaShop\DesignPro.csproj", "{8C3E0718-F199-4416-A33E-E5A4A7D31CA2}"
EndProject
Project("{2150E333-8FDC-42A3-9474-1A3956D46DE8}") = "1.FrontEnd", "1.FrontEnd", "{B0A30820-0C97-4608-BFC7-FD8A9B618D34}"
EndProject
Project("{2150E333-8FDC-42A3-9474-1A3956D46DE8}") = "2.BackEnd", "2.BackEnd", "{1292BEF4-6062-4335-A8AD-8C5A82F7F68A}"
EndProject
Project("{2150E333-8FDC-42A3-9474-1A3956D46DE8}") = "3.Cross-Cutting Concerns", "3.Cross-Cutting Concerns", "{8622AA3D-0AFA-4151-A612-05C4D644DB90}"
EndProject
Project("{FAE04EC0-301F-11D3-BF4B-00C04F79EFBC}") = "Persistencia", "Persistencia\Persistencia.csproj", "{03F6D37B-6B5E-4AA3-8931-1B0CA4D7BE3F}"
EndProject
Project("{2150E333-8FDC-42A3-9474-1A3956D46DE8}") = "3.DataAccess", "3.DataAccess", "{679F1962-E8D8-4EE7-9BC4-6DEB929B5990}"
EndProject
Project("{2150E333-8FDC-42A3-9474-1A3956D46DE8}") = "2.Business", "2.Business", "{B5DE6E15-7DB4-4211-A114-FC84E45B4310}"
EndProject
Project("{FAE04EC0-301F-11D3-BF4B-00C04F79EFBC}") = "Dominio", "Dominio\Dominio.csproj", "{FEDD5C55-45C0-47F2-B4AC-923F82402275}"
EndProject
Project("{FAE04EC0-301F-11D3-BF4B-00C04F79EFBC}") = "Common", "Common\Common.csproj", "{3941A141-1BB0-4BF0-9128-0E8D17798180}"
EndProject
Project("{2150E333-8FDC-42A3-9474-1A3956D46DE8}") = "1.Services", "1.Services", "{379B432E-872E-4206-98B9-BD310B967060}"
EndProject
Project("{FAE04EC0-301F-11D3-BF4B-00C04F79EFBC}") = "InternalServices", "InternalServices\InternalServices.csproj", "{A792428F-B1B4-4CD2-BB61-6820236DF912}"
EndProject
Global
	GlobalSection(SolutionConfigurationPlatforms) = preSolution
		Debug|Any CPU = Debug|Any CPU
		Release|Any CPU = Release|Any CPU
	EndGlobalSection
	GlobalSection(ProjectConfigurationPlatforms) = postSolution
		{8C3E0718-F199-4416-A33E-E5A4A7D31CA2}.Debug|Any CPU.ActiveCfg = Debug|Any CPU
		{8C3E0718-F199-4416-A33E-E5A4A7D31CA2}.Debug|Any CPU.Build.0 = Debug|Any CPU
		{8C3E0718-F199-4416-A33E-E5A4A7D31CA2}.Release|Any CPU.ActiveCfg = Release|Any CPU
		{8C3E0718-F199-4416-A33E-E5A4A7D31CA2}.Release|Any CPU.Build.0 = Release|Any CPU
		{03F6D37B-6B5E-4AA3-8931-1B0CA4D7BE3F}.Debug|Any CPU.ActiveCfg = Debug|Any CPU
		{03F6D37B-6B5E-4AA3-8931-1B0CA4D7BE3F}.Debug|Any CPU.Build.0 = Debug|Any CPU
		{03F6D37B-6B5E-4AA3-8931-1B0CA4D7BE3F}.Release|Any CPU.ActiveCfg = Release|Any CPU
		{03F6D37B-6B5E-4AA3-8931-1B0CA4D7BE3F}.Release|Any CPU.Build.0 = Release|Any CPU
		{FEDD5C55-45C0-47F2-B4AC-923F82402275}.Debug|Any CPU.ActiveCfg = Debug|Any CPU
		{FEDD5C55-45C0-47F2-B4AC-923F82402275}.Debug|Any CPU.Build.0 = Debug|Any CPU
		{FEDD5C55-45C0-47F2-B4AC-923F82402275}.Release|Any CPU.ActiveCfg = Release|Any CPU
		{FEDD5C55-45C0-47F2-B4AC-923F82402275}.Release|Any CPU.Build.0 = Release|Any CPU
		{3941A141-1BB0-4BF0-9128-0E8D17798180}.Debug|Any CPU.ActiveCfg = Debug|Any CPU
		{3941A141-1BB0-4BF0-9128-0E8D17798180}.Debug|Any CPU.Build.0 = Debug|Any CPU
		{3941A141-1BB0-4BF0-9128-0E8D17798180}.Release|Any CPU.ActiveCfg = Release|Any CPU
		{3941A141-1BB0-4BF0-9128-0E8D17798180}.Release|Any CPU.Build.0 = Release|Any CPU
		{A792428F-B1B4-4CD2-BB61-6820236DF912}.Debug|Any CPU.ActiveCfg = Debug|Any CPU
		{A792428F-B1B4-4CD2-BB61-6820236DF912}.Debug|Any CPU.Build.0 = Debug|Any CPU
		{A792428F-B1B4-4CD2-BB61-6820236DF912}.Release|Any CPU.ActiveCfg = Release|Any CPU
		{A792428F-B1B4-4CD2-BB61-6820236DF912}.Release|Any CPU.Build.0 = Release|Any CPU
	EndGlobalSection
	GlobalSection(SolutionProperties) = preSolution
		HideSolutionNode = FALSE
	EndGlobalSection
	GlobalSection(NestedProjects) = preSolution
		{8C3E0718-F199-4416-A33E-E5A4A7D31CA2} = {B0A30820-0C97-4608-BFC7-FD8A9B618D34}
		{03F6D37B-6B5E-4AA3-8931-1B0CA4D7BE3F} = {679F1962-E8D8-4EE7-9BC4-6DEB929B5990}
		{679F1962-E8D8-4EE7-9BC4-6DEB929B5990} = {1292BEF4-6062-4335-A8AD-8C5A82F7F68A}
		{B5DE6E15-7DB4-4211-A114-FC84E45B4310} = {1292BEF4-6062-4335-A8AD-8C5A82F7F68A}
		{FEDD5C55-45C0-47F2-B4AC-923F82402275} = {B5DE6E15-7DB4-4211-A114-FC84E45B4310}
		{3941A141-1BB0-4BF0-9128-0E8D17798180} = {8622AA3D-0AFA-4151-A612-05C4D644DB90}
		{379B432E-872E-4206-98B9-BD310B967060} = {1292BEF4-6062-4335-A8AD-8C5A82F7F68A}
		{A792428F-B1B4-4CD2-BB61-6820236DF912} = {379B432E-872E-4206-98B9-BD310B967060}
	EndGlobalSection
	GlobalSection(ExtensibilityGlobals) = postSolution
		SolutionGuid = {49D21138-5681-4712-BC57-7F7BDE1E863A}
	EndGlobalSection
EndGlobal
